{
  "projects": [
    {
      "projectId": "5Ac8SQhvAEnNEep87NDmRH",
      "version": "latest",
      "dependencies": {},
      "lang": "ts",
      "fileLocks": [
        {
          "type": "globalVariant",
          "assetId": "aIyd-JKLkbaN",
          "checksum": "a75978f84d7a52bead598ab5c81badd2"
        },
        {
          "assetId": "5Ac8SQhvAEnNEep87NDmRH",
          "type": "projectCss",
          "checksum": "9dbc14f1bfc9b7afb82c4b2d5ee821f9"
        },
        {
          "type": "renderModule",
          "assetId": "__sfUpyrHxd3",
          "checksum": "fcdc7496e40b9ffac9e92ce44393e008"
        },
        {
          "type": "cssRules",
          "assetId": "__sfUpyrHxd3",
          "checksum": "fcdc7496e40b9ffac9e92ce44393e008"
        },
        {
          "type": "renderModule",
          "assetId": "j6mdDBFWUq00",
          "checksum": "a73b8af9dcf4cdfd168d5cd79cef08f0"
        },
        {
          "type": "cssRules",
          "assetId": "j6mdDBFWUq00",
          "checksum": "a73b8af9dcf4cdfd168d5cd79cef08f0"
        },
        {
          "type": "icon",
          "assetId": "HILXjA42W8td",
          "checksum": "fdb2aef04040d11f853f7b197bb84370"
        },
        {
          "type": "icon",
          "assetId": "vitVMoQf_Fs0",
          "checksum": "e922e3b207554e9b0c1f4549aa0c82b7"
        },
        {
          "type": "icon",
          "assetId": "FWZcHRZTphra",
          "checksum": "eeb480943d786ee2661d27a45bbda21f"
        },
        {
          "type": "icon",
          "assetId": "XTpaXqplCUm4",
          "checksum": "952e44afc1becb2ad09a33852a0900f8"
        },
        {
          "type": "icon",
          "assetId": "NjBS0w9hu2ny",
          "checksum": "634137df80640cd4cd7272aa5e7dfd4d"
        },
        {
          "type": "icon",
          "assetId": "UZVCBXVHBcSb",
          "checksum": "af84311c3157503409cb032eb5726905"
        },
        {
          "type": "icon",
          "assetId": "M14XxdJ_PbZM",
          "checksum": "962c833223572a8a6455e7c95abc9887"
        },
        {
          "type": "icon",
          "assetId": "8isj5cOR9Spv",
          "checksum": "102aedfe9031125596089e213ea0b9be"
        },
        {
          "type": "icon",
          "assetId": "tWinOwhBU3CE",
          "checksum": "b803eb6b8189a82113bcd09a1d5f3107"
        },
        {
          "type": "icon",
          "assetId": "QIy1e6UXp2us",
          "checksum": "c0f3753697be913c8cc0fdc162cd8730"
        },
        {
          "type": "icon",
          "assetId": "Kp_E2uplaPay",
          "checksum": "30f70a5a67e5dcbb985a97b9abffbcbc"
        },
        {
          "type": "icon",
          "assetId": "T-R2dc1rk4IV",
          "checksum": "a960a5cf8accb6f7796a2ea923a6c158"
        },
        {
          "type": "icon",
          "assetId": "k1LZPR9AY3Dg",
          "checksum": "c4675e3c7ac5c4821684e2585140eb40"
        },
        {
          "type": "icon",
          "assetId": "9svfW_NJiWB8",
          "checksum": "4ad440f9ae75732e6b95c4f7e3821c86"
        },
        {
          "type": "icon",
          "assetId": "MwAuUdPuJ7iF",
          "checksum": "36dd26fc5b92dd08988050dcf325ac47"
        },
        {
          "type": "icon",
          "assetId": "K1pIyiws4dYp",
          "checksum": "cc8063ddb8daec53e03cd85eb7cd4dee"
        },
        {
          "type": "icon",
          "assetId": "YfY27IpXYpHy",
          "checksum": "86c65e076870edb186eb12688acad32d"
        },
        {
          "type": "icon",
          "assetId": "z_BSdAjdr5Ay",
          "checksum": "93861d0937690ad00969052813eb4b88"
        },
        {
          "type": "icon",
          "assetId": "c4-hFoUY9fiS",
          "checksum": "f1a1a498c0f70ff95d51765199541b6d"
        },
        {
          "type": "icon",
          "assetId": "viHnj3g6xKmQ",
          "checksum": "30bfe7b39bf170032e9351d54c890b94"
        },
        {
          "type": "icon",
          "assetId": "mSo3qqV8Dr8N",
          "checksum": "8d7ac3a2b919f9630768f95928d8e0c2"
        },
        {
          "type": "icon",
          "assetId": "NjckcKZB7Usn",
          "checksum": "51f43c73145e5049def8b7295c2b0db0"
        },
        {
          "type": "icon",
          "assetId": "GG6uTzNbQx6m",
          "checksum": "e5bc63e6ae6329fb25b641fe11f1b972"
        },
        {
          "type": "icon",
          "assetId": "uEI-L8vmKa-X",
          "checksum": "6dacf8c97594cd66f50058633d12f4fb"
        },
        {
          "type": "icon",
          "assetId": "XoLiuWdgvAX0",
          "checksum": "ac06428f90937130a34f4e4ab529d37e"
        },
        {
          "type": "icon",
          "assetId": "qS1v9rKU3MbF",
          "checksum": "877090ffb60f6412591e74bea42a9b25"
        },
        {
          "type": "icon",
          "assetId": "0ALCBeFCP7PD",
          "checksum": "ef742c67a84182ade87d7297148eaeca"
        },
        {
          "type": "icon",
          "assetId": "SLNRYAeBLzdI",
          "checksum": "d44313175a68c9396b077123aee86e0f"
        },
        {
          "type": "icon",
          "assetId": "ciPxXviijqwp",
          "checksum": "5b736d79bb09ad2a8e5ae81bc645f941"
        },
        {
          "type": "icon",
          "assetId": "EMdwTgi5ekyf",
          "checksum": "f560b6dcea4d579b69d00e21e295446f"
        },
        {
          "type": "icon",
          "assetId": "NJIlZDbgJTQS",
          "checksum": "690a98efae2849cf940bf64533c81706"
        },
        {
          "type": "icon",
          "assetId": "O8CKEylLBbLQ",
          "checksum": "efdd1581afcceebdef150e00f58ca6c3"
        },
        {
          "type": "icon",
          "assetId": "iMbGKbTRpc6v",
          "checksum": "6605fcdd2fb60f3410e7d69f06109b59"
        },
        {
          "type": "icon",
          "assetId": "csZG_Gaiq5v3",
          "checksum": "cb67d04d9e8b3c93646f99eee62bf781"
        },
        {
          "type": "icon",
          "assetId": "OAWQ4Kfe8vSe",
          "checksum": "4ec0aad56dad3272f195e741126afdad"
        },
        {
          "type": "icon",
          "assetId": "GmUpxfzgq7SD",
          "checksum": "2d24ddda18bd8e11fdd4d3c2179cfd77"
        },
        {
          "type": "icon",
          "assetId": "m_DC0ZBo-lWw",
          "checksum": "abaa77b4d999f0ee83f455520f36f31c"
        },
        {
          "type": "icon",
          "assetId": "ySQKPXm4-Bc-",
          "checksum": "ecd4052a86c66a3a107599e4ce13296b"
        },
        {
          "type": "icon",
          "assetId": "DOpdRXgh15Su",
          "checksum": "5ee63fa0064e36a82c5ea12f07a93326"
        },
        {
          "type": "icon",
          "assetId": "kgf8Cygq8HZy",
          "checksum": "5da0171be47e6d4c4e7cd273ca77e625"
        },
        {
          "type": "icon",
          "assetId": "nx2fXg3jxMya",
          "checksum": "ff46ed1a6829fbc16a9875096628c6ad"
        },
        {
          "type": "icon",
          "assetId": "s6UeOp4gTO0N",
          "checksum": "23e97c461167587d9e35ba47db1982c3"
        },
        {
          "type": "icon",
          "assetId": "1O_WSxqXLb_K",
          "checksum": "77a85935f06752bf7b60527b7e2e8afb"
        },
        {
          "type": "icon",
          "assetId": "bhCkAFtQRz_H",
          "checksum": "44af52ff0bbca64a96d639b4d97d3b8f"
        },
        {
          "type": "icon",
          "assetId": "8yaAP8KCC0WW",
          "checksum": "68dec7039bba375ec388695ed7d2c4e1"
        },
        {
          "type": "icon",
          "assetId": "A5ZeRkT8OWFn",
          "checksum": "dddcc4369079451aa9ba5b355864f76c"
        },
        {
          "type": "icon",
          "assetId": "BhcI00fZFfj0",
          "checksum": "42ec2c64357c45272ab54f1d35b19a62"
        },
        {
          "type": "icon",
          "assetId": "vaG8A8CWCnK2",
          "checksum": "d0a4f2cce2e1d4eed255c504823228bf"
        },
        {
          "type": "icon",
          "assetId": "peieEeXD3l1H",
          "checksum": "43674df35671718bb1f3ef337990c234"
        },
        {
          "type": "icon",
          "assetId": "c70D45GY8kPI",
          "checksum": "5de5bb564a2d1407fbd30c5663786f08"
        },
        {
          "type": "icon",
          "assetId": "-p2EmPnDV1El",
          "checksum": "cffffa29ebbf2b03789de293ae264a67"
        },
        {
          "type": "icon",
          "assetId": "yALa6--mjwnf",
          "checksum": "fd0a06211af8cf1e4e054b3a3c434edc"
        },
        {
          "type": "icon",
          "assetId": "nfnTSjdSgO8Q",
          "checksum": "afe4fb08deadfbd0f97e863dd59a1410"
        },
        {
          "type": "icon",
          "assetId": "DCcAjMTkVuhY",
          "checksum": "449d968632a691aa7d6b297954cbad31"
        },
        {
          "type": "icon",
          "assetId": "j1z6xucWZ6aH",
          "checksum": "f96ad068aca34a1809f2ecf3271b29cb"
        },
        {
          "type": "icon",
          "assetId": "3ZTYFzg9jNq2",
          "checksum": "a5f25e67f612947da92beb880e2545cb"
        },
        {
          "type": "icon",
          "assetId": "RxaixaL6wL1Q",
          "checksum": "9f11a490108e46fe62d3b8ade38fdf46"
        },
        {
          "type": "icon",
          "assetId": "ljsE8THFwoKK",
          "checksum": "3ea5e5d569ee7223af829133b6a31625"
        },
        {
          "type": "icon",
          "assetId": "o29tDGi-tgJy",
          "checksum": "054bce1f2ecdba90ee9c0b9078957cef"
        },
        {
          "type": "icon",
          "assetId": "YpKm4TpbmLB7",
          "checksum": "9b361ca990b1aea7c28ab94563e1f728"
        },
        {
          "type": "icon",
          "assetId": "AT3DUjFNifjz",
          "checksum": "fd7edd102670ae66359a38337a5c1de6"
        },
        {
          "type": "icon",
          "assetId": "JcswcosV8QLJ",
          "checksum": "00e82720d6fd916e97a59df1d5489fe6"
        },
        {
          "type": "icon",
          "assetId": "YbPomt5vR1pd",
          "checksum": "618ac174222ad391d767e84be72d30ab"
        },
        {
          "type": "icon",
          "assetId": "etZWsWJmqXUH",
          "checksum": "58075182f2cd1dfdf133c62a3f349740"
        },
        {
          "type": "icon",
          "assetId": "l7NFpP86PEzD",
          "checksum": "4c98be773c1ac92805518211d36ec80b"
        },
        {
          "type": "icon",
          "assetId": "tk8bPDMmbJKh",
          "checksum": "6c4630e7a79af8e31720da1cddaa2862"
        },
        {
          "type": "icon",
          "assetId": "dbavWry215Hf",
          "checksum": "7f9edf4a90158322b28b4ed8ca13b1a1"
        },
        {
          "type": "icon",
          "assetId": "0qdrP7b6GXIC",
          "checksum": "40fe9388bb9ed15ef3459f05934a8d0a"
        },
        {
          "type": "icon",
          "assetId": "K_VlPHDHFZP9",
          "checksum": "9d9bec871bda53e06f7aeacba6aa7106"
        },
        {
          "type": "icon",
          "assetId": "yxJ8KI_FrcDf",
          "checksum": "ca8fa850088e80e37d4e511b7da713e4"
        },
        {
          "type": "image",
          "assetId": "NGZtj7vfuYZG",
          "checksum": "e2704d7e545b73373aa3bf4b6a92dcf9"
        },
        {
          "type": "image",
          "assetId": "vJ14TcfdwwJD",
          "checksum": "1f0c956abbe5d8c223b8b7499606b73f"
        },
        {
          "type": "image",
          "assetId": "oo4Tbe6Iyqeq",
          "checksum": "0cc55178c61c43d6743c83d41b65acd6"
        }
      ],
      "codegenVersion": "0.0.1"
    }
  ],
  "cliVersion": "0.1.322"
}
